
Microsoft Visual Studio Solution File, Format Version 12.00
# Visual Studio Version 17
VisualStudioVersion = 17.0.32014.148
MinimumVisualStudioVersion = 10.0.40219.1
Project("{FAE04EC0-301F-11D3-BF4B-00C04F79EFBC}") = "OOPGruppenArbeitLHOFLH", "OOPGruppenArbeitLHOFLH\OOPGruppenArbeitLHOFLH.csproj", "{909DE82E-7EFE-4139-A3D3-7F336C08A95D}"
EndProject
Global
	GlobalSection(SolutionConfigurationPlatforms) = preSolution
		Debug|Any CPU = Debug|Any CPU
		Release|Any CPU = Release|Any CPU
	EndGlobalSection
	GlobalSection(ProjectConfigurationPlatforms) = postSolution
		{909DE82E-7EFE-4139-A3D3-7F336C08A95D}.Debug|Any CPU.ActiveCfg = Debug|Any CPU
		{909DE82E-7EFE-4139-A3D3-7F336C08A95D}.Debug|Any CPU.Build.0 = Debug|Any CPU
		{909DE82E-7EFE-4139-A3D3-7F336C08A95D}.Release|Any CPU.ActiveCfg = Release|Any CPU
		{909DE82E-7EFE-4139-A3D3-7F336C08A95D}.Release|Any CPU.Build.0 = Release|Any CPU
	EndGlobalSection
	GlobalSection(SolutionProperties) = preSolution
		HideSolutionNode = FALSE
	EndGlobalSection
	GlobalSection(ExtensibilityGlobals) = postSolution
		SolutionGuid = {ACE97EC5-82B6-4F7C-B197-E12F37AB30E2}
	EndGlobalSection
EndGlobal
